
Microsoft Visual Studio Solution File, Format Version 12.00
# Visual Studio Version 17
VisualStudioVersion = 17.9.34607.119
MinimumVisualStudioVersion = 10.0.40219.1
Project("{888888A0-9F3D-457C-B088-3A5042F75D52}") = "Simple_calculator", "Simple_calculator\Simple_calculator.pyproj", "{19C7256E-63FE-4D79-A007-5369745AA39F}"
EndProject
Global
	GlobalSection(SolutionConfigurationPlatforms) = preSolution
		Debug|Any CPU = Debug|Any CPU
		Release|Any CPU = Release|Any CPU
	EndGlobalSection
	GlobalSection(ProjectConfigurationPlatforms) = postSolution
		{19C7256E-63FE-4D79-A007-5369745AA39F}.Debug|Any CPU.ActiveCfg = Debug|Any CPU
		{19C7256E-63FE-4D79-A007-5369745AA39F}.Release|Any CPU.ActiveCfg = Release|Any CPU
	EndGlobalSection
	GlobalSection(SolutionProperties) = preSolution
		HideSolutionNode = FALSE
	EndGlobalSection
	GlobalSection(ExtensibilityGlobals) = postSolution
		SolutionGuid = {4B1C8BC1-C37E-4351-83B3-88731AF77021}
	EndGlobalSection
EndGlobal
